
Microsoft Visual Studio Solution File, Format Version 12.00
# Visual Studio 15
VisualStudioVersion = 15.0.28010.2050
MinimumVisualStudioVersion = 10.0.40219.1
Project("{FAE04EC0-301F-11D3-BF4B-00C04F79EFBC}") = "CoreServices", "CoreServices\CoreServices.csproj", "{C1BBF39E-0FE8-45C7-A2B1-EB78E23CD4B8}"
EndProject
Global
	GlobalSection(SolutionConfigurationPlatforms) = preSolution
		Debug|Any CPU = Debug|Any CPU
		Release|Any CPU = Release|Any CPU
	EndGlobalSection
	GlobalSection(ProjectConfigurationPlatforms) = postSolution
		{C1BBF39E-0FE8-45C7-A2B1-EB78E23CD4B8}.Debug|Any CPU.ActiveCfg = Debug|Any CPU
		{C1BBF39E-0FE8-45C7-A2B1-EB78E23CD4B8}.Debug|Any CPU.Build.0 = Debug|Any CPU
		{C1BBF39E-0FE8-45C7-A2B1-EB78E23CD4B8}.Release|Any CPU.ActiveCfg = Release|Any CPU
		{C1BBF39E-0FE8-45C7-A2B1-EB78E23CD4B8}.Release|Any CPU.Build.0 = Release|Any CPU
	EndGlobalSection
	GlobalSection(SolutionProperties) = preSolution
		HideSolutionNode = FALSE
	EndGlobalSection
	GlobalSection(ExtensibilityGlobals) = postSolution
		SolutionGuid = {2453E1EF-7ECB-473C-8E58-8CD7A9A3B126}
	EndGlobalSection
EndGlobal
